
Microsoft Visual Studio Solution File, Format Version 12.00
# Visual Studio Version 17
VisualStudioVersion = 17.7.34221.43
MinimumVisualStudioVersion = 10.0.40219.1
Project("{FAE04EC0-301F-11D3-BF4B-00C04F79EFBC}") = "TestGitCours2702", "TestGitCours2702.csproj", "{620F793D-30F6-45A2-A500-E5DA30F82F8A}"
EndProject
Global
	GlobalSection(SolutionConfigurationPlatforms) = preSolution
		Debug|Any CPU = Debug|Any CPU
		Release|Any CPU = Release|Any CPU
	EndGlobalSection
	GlobalSection(ProjectConfigurationPlatforms) = postSolution
		{620F793D-30F6-45A2-A500-E5DA30F82F8A}.Debug|Any CPU.ActiveCfg = Debug|Any CPU
		{620F793D-30F6-45A2-A500-E5DA30F82F8A}.Debug|Any CPU.Build.0 = Debug|Any CPU
		{620F793D-30F6-45A2-A500-E5DA30F82F8A}.Release|Any CPU.ActiveCfg = Release|Any CPU
		{620F793D-30F6-45A2-A500-E5DA30F82F8A}.Release|Any CPU.Build.0 = Release|Any CPU
	EndGlobalSection
	GlobalSection(SolutionProperties) = preSolution
		HideSolutionNode = FALSE
	EndGlobalSection
	GlobalSection(ExtensibilityGlobals) = postSolution
		SolutionGuid = {1322E9AF-4A19-43B7-B744-48491C910DAC}
	EndGlobalSection
EndGlobal
